
Microsoft Visual Studio Solution File, Format Version 12.00
# Visual Studio Version 17
VisualStudioVersion = 17.7.34031.279
MinimumVisualStudioVersion = 10.0.40219.1
Project("{2150E333-8FDC-42A3-9474-1A3956D46DE8}") = "1 - Presentacion", "1 - Presentacion", "{6F9FE5DF-3C5E-4B51-BDCE-061953A6196F}"
EndProject
Project("{FAE04EC0-301F-11D3-BF4B-00C04F79EFBC}") = "INSN.Web.Portal", "INSN.Web.Portal\INSN.Web.Portal.csproj", "{19A09372-C20A-4AC2-A2D1-DA95C8DAD40C}"
EndProject
Global
	GlobalSection(SolutionConfigurationPlatforms) = preSolution
		Debug|Any CPU = Debug|Any CPU
		Release|Any CPU = Release|Any CPU
	EndGlobalSection
	GlobalSection(ProjectConfigurationPlatforms) = postSolution
		{19A09372-C20A-4AC2-A2D1-DA95C8DAD40C}.Debug|Any CPU.ActiveCfg = Debug|Any CPU
		{19A09372-C20A-4AC2-A2D1-DA95C8DAD40C}.Debug|Any CPU.Build.0 = Debug|Any CPU
		{19A09372-C20A-4AC2-A2D1-DA95C8DAD40C}.Release|Any CPU.ActiveCfg = Release|Any CPU
		{19A09372-C20A-4AC2-A2D1-DA95C8DAD40C}.Release|Any CPU.Build.0 = Release|Any CPU
	EndGlobalSection
	GlobalSection(SolutionProperties) = preSolution
		HideSolutionNode = FALSE
	EndGlobalSection
	GlobalSection(NestedProjects) = preSolution
		{19A09372-C20A-4AC2-A2D1-DA95C8DAD40C} = {6F9FE5DF-3C5E-4B51-BDCE-061953A6196F}
	EndGlobalSection
	GlobalSection(ExtensibilityGlobals) = postSolution
		SolutionGuid = {6D04AE18-1BAB-4E16-BD2D-82CE560FEBE1}
	EndGlobalSection
EndGlobal
